github.com/a-h/templ v0.3.924 h1:t5gZqTneXqvehpNZsgtnlOscnBboNh9aASBH2MgV/0k=
github.com/a-h/templ v0.3.924/go.mod h1:FFAu4dI//ESmEN7PQkJ7E7QfnSEMdcnu7QrAY8Dn334=
github.com/go-chi/chi/v5 v5.2.2 h1:CMwsvRVTbXVytCk1Wd72Zy1LAsAh9GxMmSNWLHCG618=
github.com/go-chi/chi/v5 v5.2.2/go.mod h1:L2yAIGWB3H+phAw1NxKwWM+7eUH/lU8pOMm5hHcoops=
github.com/google/go-cmp v0.6.0 h1:ofyhxvXcZhMsU5ulbFiLKl/XBFqE1GSq7atu8tAmTRI=
github.com/google/go-cmp v0.6.0/go.mod h1:17dUlkBOakJ0+DkrSSNjCkIjxS6bF9zb3elmeNGIjoY=
github.com/sudeep9/webserver v0.0.0-20250809201329-0f55fbdfdd14 h1:sfy1Qnj9vBl59X5Hit6YeAkk256PJ2Ao1MgKr84WAcE=
github.com/sudeep9/webserver v0.0.0-20250809201329-0f55fbdfdd14/go.mod h1:oOg7VTjOEb5a3D0ZpnNwXzAWwg8M3WF1SDJuVnnBAzQ=
